// !$*UTF8*$!
{
	archiveVersion = 1;
	classes = {
	};
	objectVersion = 46;
	objects = {

/* Begin PBXBuildFile section */
		2157D3A61E13E12B0037A517 /* main.m in Sources */ = {isa = PBXBuildFile; fileRef = 2157D3A51E13E12B0037A517 /* main.m */; };
		2157D3A91E13E12B0037A517 /* AppDelegate.m in Sources */ = {isa = PBXBuildFile; fileRef = 2157D3A81E13E12B0037A517 /* AppDelegate.m */; };
		2157D3AC1E13E12B0037A517 /* ViewController.m in Sources */ = {isa = PBXBuildFile; fileRef = 2157D3AB1E13E12B0037A517 /* ViewController.m */; };
		2157D3AF1E13E12B0037A517 /* Main.storyboard in Resources */ = {isa = PBXBuildFile; fileRef = 2157D3AD1E13E12B0037A517 /* Main.storyboard */; };
		2157D3B11E13E12B0037A517 /* Assets.xcassets in Resources */ = {isa = PBXBuildFile; fileRef = 2157D3B01E13E12B0037A517 /* Assets.xcassets */; };
		2157D3B41E13E12B0037A517 /* LaunchScreen.storyboard in Resources */ = {isa = PBXBuildFile; fileRef = 2157D3B21E13E12B0037A517 /* LaunchScreen.storyboard */; };
		FF7F61807F0BCF7D7AAE456C /* libPods-函数式编程.a in Frameworks */ = {isa = PBXBuildFile; fileRef = 53CB9D68055FC212EAA47397 /* libPods-函数式编程.a */; };
/* End PBXBuildFile section */

/* Begin PBXFileReference section */
		2157D3A11E13E12B0037A517 /* 函数式编程.app */ = {isa = PBXFileReference; explicitFileType = wrapper.application; includeInIndex = 0; path = "函数式编程.app"; sourceTree = BUILT_PRODUCTS_DIR; };
		2157D3A51E13E12B0037A517 /* main.m */ = {isa = PBXFileReference; lastKnownFileType = sourcecode.c.objc; path = main.m; sourceTree = "<group>"; };
		2157D3A71E13E12B0037A517 /* AppDelegate.h */ = {isa = PBXFileReference; lastKnownFileType = sourcecode.c.h; path = AppDelegate.h; sourceTree = "<group>"; };
		2157D3A81E13E12B0037A517 /* AppDelegate.m */ = {isa = PBXFileReference; lastKnownFileType = sourcecode.c.objc; path = AppDelegate.m; sourceTree = "<group>"; };
		2157D3AA1E13E12B0037A517 /* ViewController.h */ = {isa = PBXFileReference; lastKnownFileType = sourcecode.c.h; path = ViewController.h; sourceTree = "<group>"; };
		2157D3AB1E13E12B0037A517 /* ViewController.m */ = {isa = PBXFileReference; lastKnownFileType = sourcecode.c.objc; path = ViewController.m; sourceTree = "<group>"; };
		2157D3AE1E13E12B0037A517 /* Base */ = {isa = PBXFileReference; lastKnownFileType = file.storyboard; name = Base; path = Base.lproj/Main.storyboard; sourceTree = "<group>"; };
		2157D3B01E13E12B0037A517 /* Assets.xcassets */ = {isa = PBXFileReference; lastKnownFileType = folder.assetcatalog; path = Assets.xcassets; sourceTree = "<group>"; };
		2157D3B31E13E12B0037A517 /* Base */ = {isa = PBXFileReference; lastKnownFileType = file.storyboard; name = Base; path = Base.lproj/LaunchScreen.storyboard; sourceTree = "<group>"; };
		2157D3B51E13E12B0037A517 /* Info.plist */ = {isa = PBXFileReference; lastKnownFileType = text.plist.xml; path = Info.plist; sourceTree = "<group>"; };
		4238A45B5EB52D5AD7FA539B /* Pods-函数式编程.debug.xcconfig */ = {isa = PBXFileReference; includeInIndex = 1; lastKnownFileType = text.xcconfig; name = "Pods-函数式编程.debug.xcconfig"; path = "Pods/Target Support Files/Pods-函数式编程/Pods-函数式编程.debug.xcconfig"; sourceTree = "<group>"; };
		53CB9D68055FC212EAA47397 /* libPods-函数式编程.a */ = {isa = PBXFileReference; explicitFileType = archive.ar; includeInIndex = 0; path = "libPods-函数式编程.a"; sourceTree = BUILT_PRODUCTS_DIR; };
		CA6EF19745291C5F24D60ADA /* Pods-函数式编程.release.xcconfig */ = {isa = PBXFileReference; includeInIndex = 1; lastKnownFileType = text.xcconfig; name = "Pods-函数式编程.release.xcconfig"; path = "Pods/Target Support Files/Pods-函数式编程/Pods-函数式编程.release.xcconfig"; sourceTree = "<group>"; };
/* End PBXFileReference section */

/* Begin PBXFrameworksBuildPhase section */
		2157D39E1E13E12B0037A517 /* Frameworks */ = {
			isa = PBXFrameworksBuildPhase;
			buildActionMask = 2147483647;
			files = (
				FF7F61807F0BCF7D7AAE456C /* libPods-函数式编程.a in Frameworks */,
			);
			runOnlyForDeploymentPostprocessing = 0;
		};
/* End PBXFrameworksBuildPhase section */

/* Begin PBXGroup section */
		2157D3981E13E12B0037A517 = {
			isa = PBXGroup;
			children = (
				2157D3A31E13E12B0037A517 /* 函数式编程 */,
				2157D3A21E13E12B0037A517 /* Products */,
				46D40210DC54B6C7261DC8AA /* Pods */,
				ED15B43320E6744FFBB134F5 /* Frameworks */,
			);
			sourceTree = "<group>";
		};
		2157D3A21E13E12B0037A517 /* Products */ = {
			isa = PBXGroup;
			children = (
				2157D3A11E13E12B0037A517 /* 函数式编程.app */,
			);
			name = Products;
			sourceTree = "<group>";
		};
		2157D3A31E13E12B0037A517 /* 函数式编程 */ = {
			isa = PBXGroup;
			children = (
				2157D3A71E13E12B0037A517 /* AppDelegate.h */,
				2157D3A81E13E12B0037A517 /* AppDelegate.m */,
				2157D3AA1E13E12B0037A517 /* ViewController.h */,
				2157D3AB1E13E12B0037A517 /* ViewController.m */,
				2157D3AD1E13E12B0037A517 /* Main.storyboard */,
				2157D3B01E13E12B0037A517 /* Assets.xcassets */,
				2157D3B21E13E12B0037A517 /* LaunchScreen.storyboard */,
				2157D3B51E13E12B0037A517 /* Info.plist */,
				2157D3A41E13E12B0037A517 /* Supporting Files */,
			);
			path = "函数式编程";
			sourceTree = "<group>";
		};
		2157D3A41E13E12B0037A517 /* Supporting Files */ = {
			isa = PBXGroup;
			children = (
				2157D3A51E13E12B0037A517 /* main.m */,
			);
			name = "Supporting Files";
			sourceTree = "<group>";
		};
		46D40210DC54B6C7261DC8AA /* Pods */ = {
			isa = PBXGroup;
			children = (
				4238A45B5EB52D5AD7FA539B /* Pods-函数式编程.debug.xcconfig */,
				CA6EF19745291C5F24D60ADA /* Pods-函数式编程.release.xcconfig */,
			);
			name = Pods;
			sourceTree = "<group>";
		};
		ED15B43320E6744FFBB134F5 /* Frameworks */ = {
			isa = PBXGroup;
			children = (
				53CB9D68055FC212EAA47397 /* libPods-函数式编程.a */,
			);
			name = Frameworks;
			sourceTree = "<group>";
		};
/* End PBXGroup section */

/* Begin PBXNativeTarget section */
		2157D3A01E13E12B0037A517 /* 函数式编程 */ = {
			isa = PBXNativeTarget;
			buildConfigurationList = 2157D3B81E13E12B0037A517 /* Build configuration list for PBXNativeTarget "函数式编程" */;
			buildPhases = (
				5F71A5C44049EBB48F6161E1 /* [CP] Check Pods Manifest.lock */,
				2157D39D1E13E12B0037A517 /* Sources */,
				2157D39E1E13E12B0037A517 /* Frameworks */,
				2157D39F1E13E12B0037A517 /* Resources */,
				DE784802B54346B53965DACC /* [CP] Embed Pods Frameworks */,
				CD6E679FDA6075545A0B422C /* [CP] Copy Pods Resources */,
			);
			buildRules = (
			);
			dependencies = (
			);
			name = "函数式编程";
			productName = "函数式编程";
			productReference = 2157D3A11E13E12B0037A517 /* 函数式编程.app */;
			productType = "com.apple.product-type.application";
		};
/* End PBXNativeTarget section */

/* Begin PBXProject section */
		2157D3991E13E12B0037A517 /* Project object */ = {
			isa = PBXProject;
			attributes = {
				LastUpgradeCheck = 0800;
				ORGANIZATIONNAME = ITCoderW;
				TargetAttributes = {
					2157D3A01E13E12B0037A517 = {
						CreatedOnToolsVersion = 8.0;
						ProvisioningStyle = Automatic;
					};
				};
			};
			buildConfigurationList = 2157D39C1E13E12B0037A517 /* Build configuration list for PBXProject "函数式编程" */;
			compatibilityVersion = "Xcode 3.2";
			developmentRegion = English;
			hasScannedForEncodings = 0;
			knownRegions = (
				en,
				Base,
			);
			mainGroup = 2157D3981E13E12B0037A517;
			productRefGroup = 2157D3A21E13E12B0037A517 /* Products */;
			projectDirPath = "";
			projectRoot = "";
			targets = (
				2157D3A01E13E12B0037A517 /* 函数式编程 */,
			);
		};
/* End PBXProject section */

/* Begin PBXResourcesBuildPhase section */
		2157D39F1E13E12B0037A517 /* Resources */ = {
			isa = PBXResourcesBuildPhase;
			buildActionMask = 2147483647;
			files = (
				2157D3B41E13E12B0037A517 /* LaunchScreen.storyboard in Resources */,
				2157D3B11E13E12B0037A517 /* Assets.xcassets in Resources */,
				2157D3AF1E13E12B0037A517 /* Main.storyboard in Resources */,
			);
			runOnlyForDeploymentPostprocessing = 0;
		};
/* End PBXResourcesBuildPhase section */

/* Begin PBXShellScriptBuildPhase section */
		5F71A5C44049EBB48F6161E1 /* [CP] Check Pods Manifest.lock */ = {
			isa = PBXShellScriptBuildPhase;
			buildActionMask = 2147483647;
			files = (
			);
			inputPaths = (
			);
			name = "[CP] Check Pods Manifest.lock";
			outputPaths = (
			);
			runOnlyForDeploymentPostprocessing = 0;
			shellPath = /bin/sh;
			shellScript = "diff \"${PODS_ROOT}/../Podfile.lock\" \"${PODS_ROOT}/Manifest.lock\" > /dev/null\nif [[ $? != 0 ]] ; then\n    cat << EOM\nerror: The sandbox is not in sync with the Podfile.lock. Run 'pod install' or update your CocoaPods installation.\nEOM\n    exit 1\nfi\n";
			showEnvVarsInLog = 0;
		};
		CD6E679FDA6075545A0B422C /* [CP] Copy Pods Resources */ = {
			isa = PBXShellScriptBuildPhase;
			buildActionMask = 2147483647;
			files = (
			);
			inputPaths = (
			);
			name = "[CP] Copy Pods Resources";
			outputPaths = (
			);
			runOnlyForDeploymentPostprocessing = 0;
			shellPath = /bin/sh;
			shellScript = "\"${SRCROOT}/Pods/Target Support Files/Pods-函数式编程/Pods-函数式编程-resources.sh\"\n";
			showEnvVarsInLog = 0;
		};
		DE784802B54346B53965DACC /* [CP] Embed Pods Frameworks */ = {
			isa = PBXShellScriptBuildPhase;
			buildActionMask = 2147483647;
			files = (
			);
			inputPaths = (
			);
			name = "[CP] Embed Pods Frameworks";
			outputPaths = (
			);
			runOnlyForDeploymentPostprocessing = 0;
			shellPath = /bin/sh;
			shellScript = "\"${SRCROOT}/Pods/Target Support Files/Pods-函数式编程/Pods-函数式编程-frameworks.sh\"\n";
			showEnvVarsInLog = 0;
		};
/* End PBXShellScriptBuildPhase section */

/* Begin PBXSourcesBuildPhase section */
		2157D39D1E13E12B0037A517 /* Sources */ = {
			isa = PBXSourcesBuildPhase;
			buildActionMask = 2147483647;
			files = (
				2157D3AC1E13E12B0037A517 /* ViewController.m in Sources */,
				2157D3A91E13E12B0037A517 /* AppDelegate.m in Sources */,
				2157D3A61E13E12B0037A517 /* main.m in Sources */,
			);
			runOnlyForDeploymentPostprocessing = 0;
		};
/* End PBXSourcesBuildPhase section */

/* Begin PBXVariantGroup section */
		2157D3AD1E13E12B0037A517 /* Main.storyboard */ = {
			isa = PBXVariantGroup;
			children = (
				2157D3AE1E13E12B0037A517 /* Base */,
			);
			name = Main.storyboard;
			sourceTree = "<group>";
		};
		2157D3B21E13E12B0037A517 /* LaunchScreen.storyboard */ = {
			isa = PBXVariantGroup;
			children = (
				2157D3B31E13E12B0037A517 /* Base */,
			);
			name = LaunchScreen.storyboard;
			sourceTree = "<group>";
		};
/* End PBXVariantGroup section */

/* Begin XCBuildConfiguration section */
		2157D3B61E13E12B0037A517 /* Debug */ = {
			isa = XCBuildConfiguration;
			buildSettings = {
				ALWAYS_SEARCH_USER_PATHS = NO;
				CLANG_ANALYZER_NONNULL = YES;
				CLANG_CXX_LANGUAGE_STANDARD = "gnu++0x";
				CLANG_CXX_LIBRARY = "libc++";
				CLANG_ENABLE_MODULES = YES;
				CLANG_ENABLE_OBJC_ARC = YES;
				CLANG_WARN_BOOL_CONVERSION = YES;
				CLANG_WARN_CONSTANT_CONVERSION = YES;
				CLANG_WARN_DIRECT_OBJC_ISA_USAGE = YES_ERROR;
				CLANG_WARN_DOCUMENTATION_COMMENTS = YES;
				CLANG_WARN_EMPTY_BODY = YES;
				CLANG_WARN_ENUM_CONVERSION = YES;
				CLANG_WARN_INFINITE_RECURSION = YES;
				CLANG_WARN_INT_CONVERSION = YES;
				CLANG_WARN_OBJC_ROOT_CLASS = YES_ERROR;
				CLANG_WARN_SUSPICIOUS_MOVES = YES;
				CLANG_WARN_UNREACHABLE_CODE = YES;
				CLANG_WARN__DUPLICATE_METHOD_MATCH = YES;
				"CODE_SIGN_IDENTITY[sdk=iphoneos*]" = "iPhone Developer";
				COPY_PHASE_STRIP = NO;
				DEBUG_INFORMATION_FORMAT = dwarf;
				ENABLE_STRICT_OBJC_MSGSEND = YES;
				ENABLE_TESTABILITY = YES;
				GCC_C_LANGUAGE_STANDARD = gnu99;
				GCC_DYNAMIC_NO_PIC = NO;
				GCC_NO_COMMON_BLOCKS = YES;
				GCC_OPTIMIZATION_LEVEL = 0;
				GCC_PREPROCESSOR_DEFINITIONS = (
					"DEBUG=1",
					"$(inherited)",
				);
				GCC_WARN_64_TO_32_BIT_CONVERSION = YES;
				GCC_WARN_ABOUT_RETURN_TYPE = YES_ERROR;
				GCC_WARN_UNDECLARED_SELECTOR = YES;
				GCC_WARN_UNINITIALIZED_AUTOS = YES_AGGRESSIVE;
				GCC_WARN_UNUSED_FUNCTION = YES;
				GCC_WARN_UNUSED_VARIABLE = YES;
				IPHONEOS_DEPLOYMENT_TARGET = 10.0;
				MTL_ENABLE_DEBUG_INFO = YES;
				ONLY_ACTIVE_ARCH = YES;
				SDKROOT = iphoneos;
			};
			name = Debug;
		};
		2157D3B71E13E12B0037A517 /* Release */ = {
			isa = XCBuildConfiguration;
			buildSettings = {
				ALWAYS_SEARCH_USER_PATHS = NO;
				CLANG_ANALYZER_NONNULL = YES;
				CLANG_CXX_LANGUAGE_STANDARD = "gnu++0x";
				CLANG_CXX_LIBRARY = "libc++";
				CLANG_ENABLE_MODULES = YES;
				CLANG_ENABLE_OBJC_ARC = YES;
				CLANG_WARN_BOOL_CONVERSION = YES;
				CLANG_WARN_CONSTANT_CONVERSION = YES;
				CLANG_WARN_DIRECT_OBJC_ISA_USAGE = YES_ERROR;
				CLANG_WARN_DOCUMENTATION_COMMENTS = YES;
				CLANG_WARN_EMPTY_BODY = YES;
				CLANG_WARN_ENUM_CONVERSION = YES;
				CLANG_WARN_INFINITE_RECURSION = YES;
				CLANG_WARN_INT_CONVERSION = YES;
				CLANG_WARN_OBJC_ROOT_CLASS = YES_ERROR;
				CLANG_WARN_SUSPICIOUS_MOVES = YES;
				CLANG_WARN_UNREACHABLE_CODE = YES;
				CLANG_WARN__DUPLICATE_METHOD_MATCH = YES;
				"CODE_SIGN_IDENTITY[sdk=iphoneos*]" = "iPhone Developer";
				COPY_PHASE_STRIP = NO;
				DEBUG_INFORMATION_FORMAT = "dwarf-with-dsym";
				ENABLE_NS_ASSERTIONS = NO;
				ENABLE_STRICT_OBJC_MSGSEND = YES;
				GCC_C_LANGUAGE_STANDARD = gnu99;
				GCC_NO_COMMON_BLOCKS = YES;
				GCC_WARN_64_TO_32_BIT_CONVERSION = YES;
				GCC_WARN_ABOUT_RETURN_TYPE = YES_ERROR;
				GCC_WARN_UNDECLARED_SELECTOR = YES;
				GCC_WARN_UNINITIALIZED_AUTOS = YES_AGGRESSIVE;
				GCC_WARN_UNUSED_FUNCTION = YES;
				GCC_WARN_UNUSED_VARIABLE = YES;
				IPHONEOS_DEPLOYMENT_TARGET = 10.0;
				MTL_ENABLE_DEBUG_INFO = NO;
				SDKROOT = iphoneos;
				VALIDATE_PRODUCT = YES;
			};
			name = Release;
		};
		2157D3B91E13E12B0037A517 /* Debug */ = {
			isa = XCBuildConfiguration;
			baseConfigurationReference = 4238A45B5EB52D5AD7FA539B /* Pods-函数式编程.debug.xcconfig */;
			buildSettings = {
				ASSETCATALOG_COMPILER_APPICON_NAME = AppIcon;
				INFOPLIST_FILE = "函数式编程/Info.plist";
				LD_RUNPATH_SEARCH_PATHS = "$(inherited) @executable_path/Frameworks";
				PRODUCT_BUNDLE_IDENTIFIER = "cn.ITCoderW.-----";
				PRODUCT_NAME = "$(TARGET_NAME)";
			};
			name = Debug;
		};
		2157D3BA1E13E12B0037A517 /* Release */ = {
			isa = XCBuildConfiguration;
			baseConfigurationReference = CA6EF19745291C5F24D60ADA /* Pods-函数式编程.release.xcconfig */;
			buildSettings = {
				ASSETCATALOG_COMPILER_APPICON_NAME = AppIcon;
				INFOPLIST_FILE = "函数式编程/Info.plist";
				LD_RUNPATH_SEARCH_PATHS = "$(inherited) @executable_path/Frameworks";
				PRODUCT_BUNDLE_IDENTIFIER = "cn.ITCoderW.-----";
				PRODUCT_NAME = "$(TARGET_NAME)";
			};
			name = Release;
		};
/* End XCBuildConfiguration section */

/* Begin XCConfigurationList section */
		2157D39C1E13E12B0037A517 /* Build configuration list for PBXProject "函数式编程" */ = {
			isa = XCConfigurationList;
			buildConfigurations = (
				2157D3B61E13E12B0037A517 /* Debug */,
				2157D3B71E13E12B0037A517 /* Release */,
			);
			defaultConfigurationIsVisible = 0;
			defaultConfigurationName = Release;
		};
		2157D3B81E13E12B0037A517 /* Build configuration list for PBXNativeTarget "函数式编程" */ = {
			isa = XCConfigurationList;
			buildConfigurations = (
				2157D3B91E13E12B0037A517 /* Debug */,
				2157D3BA1E13E12B0037A517 /* Release */,
			);
			defaultConfigurationIsVisible = 0;
			defaultConfigurationName = Release;
		};
/* End XCConfigurationList section */
	};
	rootObject = 2157D3991E13E12B0037A517 /* Project object */;
}
