// !$*UTF8*$!
{
	archiveVersion = 1;
	classes = {
	};
	objectVersion = 46;
	objects = {

/* Begin PBXBuildFile section */
		211249141E023A6B00F2E559 /* main.m in Sources */ = {isa = PBXBuildFile; fileRef = 211249131E023A6B00F2E559 /* main.m */; };
		211249171E023A6B00F2E559 /* AppDelegate.m in Sources */ = {isa = PBXBuildFile; fileRef = 211249161E023A6B00F2E559 /* AppDelegate.m */; };
		2112491A1E023A6B00F2E559 /* ViewController.m in Sources */ = {isa = PBXBuildFile; fileRef = 211249191E023A6B00F2E559 /* ViewController.m */; };
		2112491D1E023A6B00F2E559 /* Main.storyboard in Resources */ = {isa = PBXBuildFile; fileRef = 2112491B1E023A6B00F2E559 /* Main.storyboard */; };
		2112491F1E023A6B00F2E559 /* Assets.xcassets in Resources */ = {isa = PBXBuildFile; fileRef = 2112491E1E023A6B00F2E559 /* Assets.xcassets */; };
		211249221E023A6B00F2E559 /* LaunchScreen.storyboard in Resources */ = {isa = PBXBuildFile; fileRef = 211249201E023A6B00F2E559 /* LaunchScreen.storyboard */; };
/* End PBXBuildFile section */

/* Begin PBXFileReference section */
		2112490F1E023A6B00F2E559 /* WW_Normal.app */ = {isa = PBXFileReference; explicitFileType = wrapper.application; includeInIndex = 0; path = WW_Normal.app; sourceTree = BUILT_PRODUCTS_DIR; };
		211249131E023A6B00F2E559 /* main.m */ = {isa = PBXFileReference; lastKnownFileType = sourcecode.c.objc; path = main.m; sourceTree = "<group>"; };
		211249151E023A6B00F2E559 /* AppDelegate.h */ = {isa = PBXFileReference; lastKnownFileType = sourcecode.c.h; path = AppDelegate.h; sourceTree = "<group>"; };
		211249161E023A6B00F2E559 /* AppDelegate.m */ = {isa = PBXFileReference; lastKnownFileType = sourcecode.c.objc; path = AppDelegate.m; sourceTree = "<group>"; };
		211249181E023A6B00F2E559 /* ViewController.h */ = {isa = PBXFileReference; lastKnownFileType = sourcecode.c.h; path = ViewController.h; sourceTree = "<group>"; };
		211249191E023A6B00F2E559 /* ViewController.m */ = {isa = PBXFileReference; lastKnownFileType = sourcecode.c.objc; path = ViewController.m; sourceTree = "<group>"; };
		2112491C1E023A6B00F2E559 /* Base */ = {isa = PBXFileReference; lastKnownFileType = file.storyboard; name = Base; path = Base.lproj/Main.storyboard; sourceTree = "<group>"; };
		2112491E1E023A6B00F2E559 /* Assets.xcassets */ = {isa = PBXFileReference; lastKnownFileType = folder.assetcatalog; path = Assets.xcassets; sourceTree = "<group>"; };
		211249211E023A6B00F2E559 /* Base */ = {isa = PBXFileReference; lastKnownFileType = file.storyboard; name = Base; path = Base.lproj/LaunchScreen.storyboard; sourceTree = "<group>"; };
		211249231E023A6B00F2E559 /* Info.plist */ = {isa = PBXFileReference; lastKnownFileType = text.plist.xml; path = Info.plist; sourceTree = "<group>"; };
/* End PBXFileReference section */

/* Begin PBXFrameworksBuildPhase section */
		2112490C1E023A6B00F2E559 /* Frameworks */ = {
			isa = PBXFrameworksBuildPhase;
			buildActionMask = 2147483647;
			files = (
			);
			runOnlyForDeploymentPostprocessing = 0;
		};
/* End PBXFrameworksBuildPhase section */

/* Begin PBXGroup section */
		211249061E023A6B00F2E559 = {
			isa = PBXGroup;
			children = (
				211249111E023A6B00F2E559 /* WW_Normal */,
				211249101E023A6B00F2E559 /* Products */,
			);
			sourceTree = "<group>";
		};
		211249101E023A6B00F2E559 /* Products */ = {
			isa = PBXGroup;
			children = (
				2112490F1E023A6B00F2E559 /* WW_Normal.app */,
			);
			name = Products;
			sourceTree = "<group>";
		};
		211249111E023A6B00F2E559 /* WW_Normal */ = {
			isa = PBXGroup;
			children = (
				211249151E023A6B00F2E559 /* AppDelegate.h */,
				211249161E023A6B00F2E559 /* AppDelegate.m */,
				211249181E023A6B00F2E559 /* ViewController.h */,
				211249191E023A6B00F2E559 /* ViewController.m */,
				2112491B1E023A6B00F2E559 /* Main.storyboard */,
				2112491E1E023A6B00F2E559 /* Assets.xcassets */,
				211249201E023A6B00F2E559 /* LaunchScreen.storyboard */,
				211249231E023A6B00F2E559 /* Info.plist */,
				211249121E023A6B00F2E559 /* Supporting Files */,
			);
			path = WW_Normal;
			sourceTree = "<group>";
		};
		211249121E023A6B00F2E559 /* Supporting Files */ = {
			isa = PBXGroup;
			children = (
				211249131E023A6B00F2E559 /* main.m */,
			);
			name = "Supporting Files";
			sourceTree = "<group>";
		};
/* End PBXGroup section */

/* Begin PBXNativeTarget section */
		2112490E1E023A6B00F2E559 /* WW_Normal */ = {
			isa = PBXNativeTarget;
			buildConfigurationList = 211249261E023A6B00F2E559 /* Build configuration list for PBXNativeTarget "WW_Normal" */;
			buildPhases = (
				2112490B1E023A6B00F2E559 /* Sources */,
				2112490C1E023A6B00F2E559 /* Frameworks */,
				2112490D1E023A6B00F2E559 /* Resources */,
			);
			buildRules = (
			);
			dependencies = (
			);
			name = WW_Normal;
			productName = WW_Normal;
			productReference = 2112490F1E023A6B00F2E559 /* WW_Normal.app */;
			productType = "com.apple.product-type.application";
		};
/* End PBXNativeTarget section */

/* Begin PBXProject section */
		211249071E023A6B00F2E559 /* Project object */ = {
			isa = PBXProject;
			attributes = {
				LastUpgradeCheck = 0800;
				ORGANIZATIONNAME = ITCoderW;
				TargetAttributes = {
					2112490E1E023A6B00F2E559 = {
						CreatedOnToolsVersion = 8.0;
						ProvisioningStyle = Automatic;
					};
				};
			};
			buildConfigurationList = 2112490A1E023A6B00F2E559 /* Build configuration list for PBXProject "WW_Normal" */;
			compatibilityVersion = "Xcode 3.2";
			developmentRegion = English;
			hasScannedForEncodings = 0;
			knownRegions = (
				en,
				Base,
			);
			mainGroup = 211249061E023A6B00F2E559;
			productRefGroup = 211249101E023A6B00F2E559 /* Products */;
			projectDirPath = "";
			projectRoot = "";
			targets = (
				2112490E1E023A6B00F2E559 /* WW_Normal */,
			);
		};
/* End PBXProject section */

/* Begin PBXResourcesBuildPhase section */
		2112490D1E023A6B00F2E559 /* Resources */ = {
			isa = PBXResourcesBuildPhase;
			buildActionMask = 2147483647;
			files = (
				211249221E023A6B00F2E559 /* LaunchScreen.storyboard in Resources */,
				2112491F1E023A6B00F2E559 /* Assets.xcassets in Resources */,
				2112491D1E023A6B00F2E559 /* Main.storyboard in Resources */,
			);
			runOnlyForDeploymentPostprocessing = 0;
		};
/* End PBXResourcesBuildPhase section */

/* Begin PBXSourcesBuildPhase section */
		2112490B1E023A6B00F2E559 /* Sources */ = {
			isa = PBXSourcesBuildPhase;
			buildActionMask = 2147483647;
			files = (
				2112491A1E023A6B00F2E559 /* ViewController.m in Sources */,
				211249171E023A6B00F2E559 /* AppDelegate.m in Sources */,
				211249141E023A6B00F2E559 /* main.m in Sources */,
			);
			runOnlyForDeploymentPostprocessing = 0;
		};
/* End PBXSourcesBuildPhase section */

/* Begin PBXVariantGroup section */
		2112491B1E023A6B00F2E559 /* Main.storyboard */ = {
			isa = PBXVariantGroup;
			children = (
				2112491C1E023A6B00F2E559 /* Base */,
			);
			name = Main.storyboard;
			sourceTree = "<group>";
		};
		211249201E023A6B00F2E559 /* LaunchScreen.storyboard */ = {
			isa = PBXVariantGroup;
			children = (
				211249211E023A6B00F2E559 /* Base */,
			);
			name = LaunchScreen.storyboard;
			sourceTree = "<group>";
		};
/* End PBXVariantGroup section */

/* Begin XCBuildConfiguration section */
		211249241E023A6B00F2E559 /* Debug */ = {
			isa = XCBuildConfiguration;
			buildSettings = {
				ALWAYS_SEARCH_USER_PATHS = NO;
				CLANG_ANALYZER_NONNULL = YES;
				CLANG_CXX_LANGUAGE_STANDARD = "gnu++0x";
				CLANG_CXX_LIBRARY = "libc++";
				CLANG_ENABLE_MODULES = YES;
				CLANG_ENABLE_OBJC_ARC = YES;
				CLANG_WARN_BOOL_CONVERSION = YES;
				CLANG_WARN_CONSTANT_CONVERSION = YES;
				CLANG_WARN_DIRECT_OBJC_ISA_USAGE = YES_ERROR;
				CLANG_WARN_DOCUMENTATION_COMMENTS = YES;
				CLANG_WARN_EMPTY_BODY = YES;
				CLANG_WARN_ENUM_CONVERSION = YES;
				CLANG_WARN_INFINITE_RECURSION = YES;
				CLANG_WARN_INT_CONVERSION = YES;
				CLANG_WARN_OBJC_ROOT_CLASS = YES_ERROR;
				CLANG_WARN_SUSPICIOUS_MOVES = YES;
				CLANG_WARN_UNREACHABLE_CODE = YES;
				CLANG_WARN__DUPLICATE_METHOD_MATCH = YES;
				"CODE_SIGN_IDENTITY[sdk=iphoneos*]" = "iPhone Developer";
				COPY_PHASE_STRIP = NO;
				DEBUG_INFORMATION_FORMAT = dwarf;
				ENABLE_STRICT_OBJC_MSGSEND = YES;
				ENABLE_TESTABILITY = YES;
				GCC_C_LANGUAGE_STANDARD = gnu99;
				GCC_DYNAMIC_NO_PIC = NO;
				GCC_NO_COMMON_BLOCKS = YES;
				GCC_OPTIMIZATION_LEVEL = 0;
				GCC_PREPROCESSOR_DEFINITIONS = (
					"DEBUG=1",
					"$(inherited)",
				);
				GCC_WARN_64_TO_32_BIT_CONVERSION = YES;
				GCC_WARN_ABOUT_RETURN_TYPE = YES_ERROR;
				GCC_WARN_UNDECLARED_SELECTOR = YES;
				GCC_WARN_UNINITIALIZED_AUTOS = YES_AGGRESSIVE;
				GCC_WARN_UNUSED_FUNCTION = YES;
				GCC_WARN_UNUSED_VARIABLE = YES;
				IPHONEOS_DEPLOYMENT_TARGET = 10.0;
				MTL_ENABLE_DEBUG_INFO = YES;
				ONLY_ACTIVE_ARCH = YES;
				SDKROOT = iphoneos;
			};
			name = Debug;
		};
		211249251E023A6B00F2E559 /* Release */ = {
			isa = XCBuildConfiguration;
			buildSettings = {
				ALWAYS_SEARCH_USER_PATHS = NO;
				CLANG_ANALYZER_NONNULL = YES;
				CLANG_CXX_LANGUAGE_STANDARD = "gnu++0x";
				CLANG_CXX_LIBRARY = "libc++";
				CLANG_ENABLE_MODULES = YES;
				CLANG_ENABLE_OBJC_ARC = YES;
				CLANG_WARN_BOOL_CONVERSION = YES;
				CLANG_WARN_CONSTANT_CONVERSION = YES;
				CLANG_WARN_DIRECT_OBJC_ISA_USAGE = YES_ERROR;
				CLANG_WARN_DOCUMENTATION_COMMENTS = YES;
				CLANG_WARN_EMPTY_BODY = YES;
				CLANG_WARN_ENUM_CONVERSION = YES;
				CLANG_WARN_INFINITE_RECURSION = YES;
				CLANG_WARN_INT_CONVERSION = YES;
				CLANG_WARN_OBJC_ROOT_CLASS = YES_ERROR;
				CLANG_WARN_SUSPICIOUS_MOVES = YES;
				CLANG_WARN_UNREACHABLE_CODE = YES;
				CLANG_WARN__DUPLICATE_METHOD_MATCH = YES;
				"CODE_SIGN_IDENTITY[sdk=iphoneos*]" = "iPhone Developer";
				COPY_PHASE_STRIP = NO;
				DEBUG_INFORMATION_FORMAT = "dwarf-with-dsym";
				ENABLE_NS_ASSERTIONS = NO;
				ENABLE_STRICT_OBJC_MSGSEND = YES;
				GCC_C_LANGUAGE_STANDARD = gnu99;
				GCC_NO_COMMON_BLOCKS = YES;
				GCC_WARN_64_TO_32_BIT_CONVERSION = YES;
				GCC_WARN_ABOUT_RETURN_TYPE = YES_ERROR;
				GCC_WARN_UNDECLARED_SELECTOR = YES;
				GCC_WARN_UNINITIALIZED_AUTOS = YES_AGGRESSIVE;
				GCC_WARN_UNUSED_FUNCTION = YES;
				GCC_WARN_UNUSED_VARIABLE = YES;
				IPHONEOS_DEPLOYMENT_TARGET = 10.0;
				MTL_ENABLE_DEBUG_INFO = NO;
				SDKROOT = iphoneos;
				VALIDATE_PRODUCT = YES;
			};
			name = Release;
		};
		211249271E023A6B00F2E559 /* Debug */ = {
			isa = XCBuildConfiguration;
			buildSettings = {
				ASSETCATALOG_COMPILER_APPICON_NAME = AppIcon;
				INFOPLIST_FILE = WW_Normal/Info.plist;
				LD_RUNPATH_SEARCH_PATHS = "$(inherited) @executable_path/Frameworks";
				PRODUCT_BUNDLE_IDENTIFIER = "cn.ITCoderW.WW-Normal";
				PRODUCT_NAME = "$(TARGET_NAME)";
			};
			name = Debug;
		};
		211249281E023A6B00F2E559 /* Release */ = {
			isa = XCBuildConfiguration;
			buildSettings = {
				ASSETCATALOG_COMPILER_APPICON_NAME = AppIcon;
				INFOPLIST_FILE = WW_Normal/Info.plist;
				LD_RUNPATH_SEARCH_PATHS = "$(inherited) @executable_path/Frameworks";
				PRODUCT_BUNDLE_IDENTIFIER = "cn.ITCoderW.WW-Normal";
				PRODUCT_NAME = "$(TARGET_NAME)";
			};
			name = Release;
		};
/* End XCBuildConfiguration section */

/* Begin XCConfigurationList section */
		2112490A1E023A6B00F2E559 /* Build configuration list for PBXProject "WW_Normal" */ = {
			isa = XCConfigurationList;
			buildConfigurations = (
				211249241E023A6B00F2E559 /* Debug */,
				211249251E023A6B00F2E559 /* Release */,
			);
			defaultConfigurationIsVisible = 0;
			defaultConfigurationName = Release;
		};
		211249261E023A6B00F2E559 /* Build configuration list for PBXNativeTarget "WW_Normal" */ = {
			isa = XCConfigurationList;
			buildConfigurations = (
				211249271E023A6B00F2E559 /* Debug */,
				211249281E023A6B00F2E559 /* Release */,
			);
			defaultConfigurationIsVisible = 0;
		};
/* End XCConfigurationList section */
	};
	rootObject = 211249071E023A6B00F2E559 /* Project object */;
}
